<Solution>
  <Folder Name="/src/">
    <Project Path="src/HiringPlatform.Api/HiringPlatform.Api.csproj" />
    <Project Path="src/HiringPlatform.AppHost/HiringPlatform.AppHost.csproj" />
    <Project Path="src/HiringPlatform.BlobService/HiringPlatform.BlobService.csproj" />
    <Project Path="src/HiringPlatform.IdentityService/HiringPlatform.IdentityService.csproj" />
    <Project Path="src/HiringPlatform.ApplicantService/HiringPlatform.ApplicantService.csproj" />
    <Project Path="src/HiringPlatform.RecruiterService/HiringPlatform.RecruiterService.csproj" />
    <Project Path="src/HiringPlatform.Gateway/HiringPlatform.Gateway.csproj" />
    <Project Path="src/HiringPlatform.ServiceClients/HiringPlatform.ServiceClients.csproj" />
    <Project Path="src/HiringPlatform.Application/HiringPlatform.Application.csproj" />
    <Project Path="src/HiringPlatform.Domain/HiringPlatform.Domain.csproj" />
    <Project Path="src/HiringPlatform.Infrastructure/HiringPlatform.Infrastructure.csproj" />
    <Project Path="src/HiringPlatform.Migrator/HiringPlatform.Migrator.csproj" />
    <Project Path="src/HiringPlatform.ServiceDefaults/HiringPlatform.ServiceDefaults.csproj" />
  </Folder>
  <Folder Name="/tests/">
    <Project Path="tests/HiringPlatform.Domain.Tests/HiringPlatform.Domain.Tests.csproj" />
  </Folder>
</Solution>
